
Microsoft Visual Studio Solution File, Format Version 12.00
# Visual Studio Version 17
VisualStudioVersion = 17.10.35004.147
MinimumVisualStudioVersion = 10.0.40219.1
Project("{FAE04EC0-301F-11D3-BF4B-00C04F79EFBC}") = "QLPHONGKHAM", "BasicDev\QLPHONGKHAM.csproj", "{02E1FD26-F552-459C-A2B3-1626C1BFF89D}"
EndProject
Project("{FAE04EC0-301F-11D3-BF4B-00C04F79EFBC}") = "DataLayer", "DataLayer\DataLayer.csproj", "{62A3D241-C75C-4E51-91C2-80DC3771B4CE}"
EndProject
Project("{FAE04EC0-301F-11D3-BF4B-00C04F79EFBC}") = "BusinessLayer", "BusinessLayer\BusinessLayer.csproj", "{CD25B9DC-EB5E-4FE6-9C93-4669F13D4499}"
EndProject
Global
	GlobalSection(SolutionConfigurationPlatforms) = preSolution
		Debug|Any CPU = Debug|Any CPU
		Release|Any CPU = Release|Any CPU
	EndGlobalSection
	GlobalSection(ProjectConfigurationPlatforms) = postSolution
		{02E1FD26-F552-459C-A2B3-1626C1BFF89D}.Debug|Any CPU.ActiveCfg = Debug|Any CPU
		{02E1FD26-F552-459C-A2B3-1626C1BFF89D}.Debug|Any CPU.Build.0 = Debug|Any CPU
		{02E1FD26-F552-459C-A2B3-1626C1BFF89D}.Release|Any CPU.ActiveCfg = Release|Any CPU
		{02E1FD26-F552-459C-A2B3-1626C1BFF89D}.Release|Any CPU.Build.0 = Release|Any CPU
		{62A3D241-C75C-4E51-91C2-80DC3771B4CE}.Debug|Any CPU.ActiveCfg = Debug|Any CPU
		{62A3D241-C75C-4E51-91C2-80DC3771B4CE}.Debug|Any CPU.Build.0 = Debug|Any CPU
		{62A3D241-C75C-4E51-91C2-80DC3771B4CE}.Release|Any CPU.ActiveCfg = Release|Any CPU
		{62A3D241-C75C-4E51-91C2-80DC3771B4CE}.Release|Any CPU.Build.0 = Release|Any CPU
		{CD25B9DC-EB5E-4FE6-9C93-4669F13D4499}.Debug|Any CPU.ActiveCfg = Debug|Any CPU
		{CD25B9DC-EB5E-4FE6-9C93-4669F13D4499}.Debug|Any CPU.Build.0 = Debug|Any CPU
		{CD25B9DC-EB5E-4FE6-9C93-4669F13D4499}.Release|Any CPU.ActiveCfg = Release|Any CPU
		{CD25B9DC-EB5E-4FE6-9C93-4669F13D4499}.Release|Any CPU.Build.0 = Release|Any CPU
	EndGlobalSection
	GlobalSection(SolutionProperties) = preSolution
		HideSolutionNode = FALSE
	EndGlobalSection
	GlobalSection(ExtensibilityGlobals) = postSolution
		SolutionGuid = {6DEC5C14-734C-4464-A5B7-728129AE8F09}
	EndGlobalSection
EndGlobal
